<?xml version="1.0" encoding="utf-8"?>
<Project ToolsVersion="Current" xmlns="http://schemas.microsoft.com/developer/msbuild/2003">
  <ItemGroup>
    <ClCompile Include="camera.cpp" />
    <ClCompile Include="glad.c" />
    <ClCompile Include="main.cpp" />
    <ClCompile Include="mesh.cpp" />
    <ClCompile Include="rendering.cpp" />
    <ClCompile Include="shader.cpp" />
    <ClCompile Include="tracer.cpp" />
    <ClCompile Include="transform.cpp" />
    <ClCompile Include="tracerShapes.cpp" />
  </ItemGroup>
  <ItemGroup>
    <ClInclude Include="camera.h" />
    <ClInclude Include="constants.h" />
    <ClInclude Include="mesh.h" />
    <ClInclude Include="rendering.h" />
    <ClInclude Include="shader.h" />
    <ClInclude Include="tracer.h" />
    <ClInclude Include="transform.h" />
    <ClInclude Include="tracerShapes.h" />
  </ItemGroup>
  <ItemGroup>
    <Image Include="wood.png" />
    <Image Include="test.png" />
  </ItemGroup>
  <ItemGroup>
    <None Include="frag.fs" />
    <None Include="texture.fs" />
    <None Include="vert.vs" />
  </ItemGroup>
  <ItemGroup>
    <Text Include="notepad.txt" />
  </ItemGroup>
</Project>